
Microsoft Visual Studio Solution File, Format Version 12.00
# Visual Studio Version 16
VisualStudioVersion = 16.0.810.13
MinimumVisualStudioVersion = 10.0.40219.1
Project("{FAE04EC0-301F-11D3-BF4B-00C04F79EFBC}") = "Italbytz.Adapters.Meal.OpenMensa", "Italbytz.Adapters.Meal.OpenMensa\Italbytz.Adapters.Meal.OpenMensa.csproj", "{8321C8E8-45BE-41AF-838C-007620EA638E}"
EndProject
Global
	GlobalSection(SolutionConfigurationPlatforms) = preSolution
		Debug|Any CPU = Debug|Any CPU
		Release|Any CPU = Release|Any CPU
	EndGlobalSection
	GlobalSection(ProjectConfigurationPlatforms) = postSolution
		{8321C8E8-45BE-41AF-838C-007620EA638E}.Debug|Any CPU.ActiveCfg = Debug|Any CPU
		{8321C8E8-45BE-41AF-838C-007620EA638E}.Debug|Any CPU.Build.0 = Debug|Any CPU
		{8321C8E8-45BE-41AF-838C-007620EA638E}.Release|Any CPU.ActiveCfg = Release|Any CPU
		{8321C8E8-45BE-41AF-838C-007620EA638E}.Release|Any CPU.Build.0 = Release|Any CPU
	EndGlobalSection
	GlobalSection(SolutionProperties) = preSolution
		HideSolutionNode = FALSE
	EndGlobalSection
	GlobalSection(ExtensibilityGlobals) = postSolution
		SolutionGuid = {141E3B1C-F158-408B-8B9A-E37E587ACF4C}
	EndGlobalSection
EndGlobal
